{
  "version": 4,
  "terraform_version": "1.7.0",
  "serial": 42,
  "lineage": "abc-123-def-456",
  "outputs": {},
  "resources": [
    {
      "mode": "managed",
      "type": "aws_security_group",
      "name": "main",
      "provider": "provider[\"registry.terraform.io/hashicorp/aws\"]",
      "instances": [
        {
          "schema_version": 1,
          "attributes": {
            "id": "sg-0abc1234",
            "name": "main-sg",
            "description": "Main security group",
            "ingress": [{"cidr_blocks": ["10.0.0.0/8"], "from_port": 443, "to_port": 443, "protocol": "tcp"}],
            "egress": [{"cidr_blocks": ["0.0.0.0/0"], "from_port": 0, "to_port": 0, "protocol": "-1"}],
            "tags": {"Name": "main", "Environment": "prod"}
          }
        }
      ]
    },
    {
      "mode": "managed",
      "type": "aws_instance",
      "name": "api_server",
      "provider": "provider[\"registry.terraform.io/hashicorp/aws\"]",
      "instances": [
        {
          "schema_version": 1,
          "attributes": {
            "id": "i-0def5678",
            "instance_type": "t3.medium",
            "ami": "ami-0abcdef1234567890",
            "tags": {"Name": "api-server", "Environment": "prod"}
          }
        }
      ]
    }
  ]
}